<?xml version="1.0" encoding="utf-8"?>
<Project ToolsVersion="4.0" xmlns="http://schemas.microsoft.com/developer/msbuild/2003">
  <ItemGroup>
    <Filter Include="Source Files">
      <UniqueIdentifier>{4FC737F1-C7A5-4376-A066-2A32D752A2FF}</UniqueIdentifier>
      <Extensions>cpp;c;cc;cxx;def;odl;idl;hpj;bat;asm;asmx</Extensions>
    </Filter>
    <Filter Include="Header Files">
      <UniqueIdentifier>{93995380-89BD-4b04-88EB-625FBE52EBFB}</UniqueIdentifier>
      <Extensions>h;hh;hpp;hxx;hm;inl;inc;xsd</Extensions>
    </Filter>
    <Filter Include="Resource Files">
      <UniqueIdentifier>{67DA6AB6-F800-4c08-8B7A-83BB121AAD01}</UniqueIdentifier>
      <Extensions>rc;ico;cur;bmp;dlg;rc2;rct;bin;rgs;gif;jpg;jpeg;jpe;resx;tiff;tif;png;wav;mfcribbon-ms</Extensions>
    </Filter>
    <Filter Include="Source Files\Program">
      <UniqueIdentifier>{19a0b0ff-5aef-496d-940a-33ea1721aa90}</UniqueIdentifier>
    </Filter>
    <Filter Include="Source Files\Protection">
      <UniqueIdentifier>{7cfa16f3-1d79-44e5-a08d-cdb7704933cf}</UniqueIdentifier>
    </Filter>
    <Filter Include="Header Files\Program">
      <UniqueIdentifier>{7adbf7ed-660c-4b45-a489-2e48b9c90808}</UniqueIdentifier>
    </Filter>
    <Filter Include="Header Files\Protection">
      <UniqueIdentifier>{026250ad-4cbf-4087-880e-750a92802769}</UniqueIdentifier>
    </Filter>
    <Filter Include="Header Files\Repository">
      <UniqueIdentifier>{0f99449e-b20e-4098-81ba-c4116d58a5a0}</UniqueIdentifier>
    </Filter>
    <Filter Include="Source Files\Repository">
      <UniqueIdentifier>{932776bc-97c8-4e28-94e9-3ac3bd0adbdf}</UniqueIdentifier>
    </Filter>
    <Filter Include="Source Files\UnitTests">
      <UniqueIdentifier>{6dff9faa-15c5-46f8-946f-a722a1940b4a}</UniqueIdentifier>
    </Filter>
    <Filter Include="Header Files\Net">
      <UniqueIdentifier>{42280380-799b-46e4-b41d-7402ae7c1fdc}</UniqueIdentifier>
    </Filter>
  </ItemGroup>
  <ItemGroup>
    <ClCompile Include="main.cpp">
      <Filter>Source Files</Filter>
    </ClCompile>
    <ClCompile Include="MyProgram.cpp">
      <Filter>Source Files\Program</Filter>
    </ClCompile>
    <ClCompile Include="Protect.cpp">
      <Filter>Source Files\Protection</Filter>
    </ClCompile>
    <ClCompile Include="LocalRepository.cpp">
      <Filter>Source Files\Repository</Filter>
    </ClCompile>
    <ClCompile Include="NetClient.cpp">
      <Filter>Source Files</Filter>
    </ClCompile>
    <ClCompile Include="sha256.cpp">
      <Filter>Source Files\Protection</Filter>
    </ClCompile>
  </ItemGroup>
  <ItemGroup>
    <ClInclude Include="MyProgram.h">
      <Filter>Header Files\Program</Filter>
    </ClInclude>
    <ClInclude Include="Protect.h">
      <Filter>Header Files\Protection</Filter>
    </ClInclude>
    <ClInclude Include="MemberRepository.h">
      <Filter>Header Files\Repository</Filter>
    </ClInclude>
    <ClInclude Include="LocalRepository.h">
      <Filter>Header Files\Repository</Filter>
    </ClInclude>
    <ClInclude Include="rapidjson\rapidjson.h">
      <Filter>Resource Files</Filter>
    </ClInclude>
    <ClInclude Include="NetClient.h">
      <Filter>Header Files\Net</Filter>
    </ClInclude>
    <ClInclude Include="sha256.h">
      <Filter>Header Files\Protection</Filter>
    </ClInclude>
  </ItemGroup>
  <ItemGroup>
    <Text Include="data.txt">
      <Filter>Resource Files</Filter>
    </Text>
  </ItemGroup>
</Project>